{
  "name": "VTuber_List",
  "lockfileVersion": 2,
  "requires": true,
  "packages": {
    "": {
      "dependencies": {
        "@stimulus-components/dropdown": "^3.0.0"
      }
    },
    "node_modules/@hotwired/stimulus": {
      "version": "3.2.2",
      "resolved": "https://registry.npmjs.org/@hotwired/stimulus/-/stimulus-3.2.2.tgz",
      "integrity": "sha512-eGeIqNOQpXoPAIP7tC1+1Yc1yl1xnwYqg+3mzqxyrbE5pg5YFBZcA6YoTiByJB6DKAEsiWtl6tjTJS4IYtbB7A==",
      "peer": true
    },
    "node_modules/@stimulus-components/dropdown": {
      "version": "3.0.0",
      "resolved": "https://registry.npmjs.org/@stimulus-components/dropdown/-/dropdown-3.0.0.tgz",
      "integrity": "sha512-GY9Ez8T5Vbcad702seF4iuKZwv4f+VACtfO527l8vrFDFbGWWFyRljyK9FFXSPEkUC3/4PilVsYfPO2CMikkEg==",
      "dependencies": {
        "stimulus-use": "^0.52.2"
      },
      "peerDependencies": {
        "@hotwired/stimulus": "^3.0.0"
      }
    },
    "node_modules/hotkeys-js": {
      "version": "3.13.7",
      "resolved": "https://registry.npmjs.org/hotkeys-js/-/hotkeys-js-3.13.7.tgz",
      "integrity": "sha512-ygFIdTqqwG4fFP7kkiYlvayZppeIQX2aPpirsngkv1xM1lP0piDY5QEh68nQnIKvz64hfocxhBaD/uK3sSK1yQ==",
      "peer": true,
      "funding": {
        "url": "https://jaywcjlove.github.io/#/sponsor"
      }
    },
    "node_modules/stimulus-use": {
      "version": "0.52.2",
      "resolved": "https://registry.npmjs.org/stimulus-use/-/stimulus-use-0.52.2.tgz",
      "integrity": "sha512-413+tIw9n6Jnb0OFiQE1i3aP01i0hhGgAnPp1P6cNuBbhhqG2IOp8t1O/4s5Tw2lTvSYrFeLNdaY8sYlDaULeg==",
      "peerDependencies": {
        "@hotwired/stimulus": ">= 3",
        "hotkeys-js": ">= 3"
      }
    }
  },
  "dependencies": {
    "@hotwired/stimulus": {
      "version": "3.2.2",
      "resolved": "https://registry.npmjs.org/@hotwired/stimulus/-/stimulus-3.2.2.tgz",
      "integrity": "sha512-eGeIqNOQpXoPAIP7tC1+1Yc1yl1xnwYqg+3mzqxyrbE5pg5YFBZcA6YoTiByJB6DKAEsiWtl6tjTJS4IYtbB7A==",
      "peer": true
    },
    "@stimulus-components/dropdown": {
      "version": "3.0.0",
      "resolved": "https://registry.npmjs.org/@stimulus-components/dropdown/-/dropdown-3.0.0.tgz",
      "integrity": "sha512-GY9Ez8T5Vbcad702seF4iuKZwv4f+VACtfO527l8vrFDFbGWWFyRljyK9FFXSPEkUC3/4PilVsYfPO2CMikkEg==",
      "requires": {
        "stimulus-use": "^0.52.2"
      }
    },
    "hotkeys-js": {
      "version": "3.13.7",
      "resolved": "https://registry.npmjs.org/hotkeys-js/-/hotkeys-js-3.13.7.tgz",
      "integrity": "sha512-ygFIdTqqwG4fFP7kkiYlvayZppeIQX2aPpirsngkv1xM1lP0piDY5QEh68nQnIKvz64hfocxhBaD/uK3sSK1yQ==",
      "peer": true
    },
    "stimulus-use": {
      "version": "0.52.2",
      "resolved": "https://registry.npmjs.org/stimulus-use/-/stimulus-use-0.52.2.tgz",
      "integrity": "sha512-413+tIw9n6Jnb0OFiQE1i3aP01i0hhGgAnPp1P6cNuBbhhqG2IOp8t1O/4s5Tw2lTvSYrFeLNdaY8sYlDaULeg==",
      "requires": {}
    }
  }
}
