# THIS IS AN AUTOGENERATED FILE. DO NOT EDIT THIS FILE DIRECTLY.
# yarn lockfile v1


"@stimulus-components/dropdown@^3.0.0":
  version "3.0.0"
  resolved "https://registry.yarnpkg.com/@stimulus-components/dropdown/-/dropdown-3.0.0.tgz#b85efa8ef06a94eac1a40e52ac920f5089789c8e"
  integrity sha512-GY9Ez8T5Vbcad702seF4iuKZwv4f+VACtfO527l8vrFDFbGWWFyRljyK9FFXSPEkUC3/4PilVsYfPO2CMikkEg==
  dependencies:
    stimulus-use "^0.52.2"

stimulus-use@^0.52.2:
  version "0.52.2"
  resolved "https://registry.yarnpkg.com/stimulus-use/-/stimulus-use-0.52.2.tgz#fc992fababe03f8d8bc2d9470c8cdb40bd075917"
  integrity sha512-413+tIw9n6Jnb0OFiQE1i3aP01i0hhGgAnPp1P6cNuBbhhqG2IOp8t1O/4s5Tw2lTvSYrFeLNdaY8sYlDaULeg==
